// !$*UTF8*$!
{
	archiveVersion = 1;
	classes = {
	};
	objectVersion = 48;
	objects = {

/* Begin PBXBuildFile section */
		EB6C4D411FD7E06C00447DCD /* AppDelegate.swift in Sources */ = {isa = PBXBuildFile; fileRef = EB6C4D401FD7E06C00447DCD /* AppDelegate.swift */; };
		EB6C4D431FD7E06C00447DCD /* ViewController.swift in Sources */ = {isa = PBXBuildFile; fileRef = EB6C4D421FD7E06C00447DCD /* ViewController.swift */; };
		EB6C4D461FD7E06C00447DCD /* Main.storyboard in Resources */ = {isa = PBXBuildFile; fileRef = EB6C4D441FD7E06C00447DCD /* Main.storyboard */; };
		EB6C4D491FD7E06C00447DCD /* GoalKeeper.xcdatamodeld in Sources */ = {isa = PBXBuildFile; fileRef = EB6C4D471FD7E06C00447DCD /* GoalKeeper.xcdatamodeld */; };
		EB6C4D4B1FD7E06C00447DCD /* Assets.xcassets in Resources */ = {isa = PBXBuildFile; fileRef = EB6C4D4A1FD7E06C00447DCD /* Assets.xcassets */; };
		EB6C4D4E1FD7E06C00447DCD /* LaunchScreen.storyboard in Resources */ = {isa = PBXBuildFile; fileRef = EB6C4D4C1FD7E06C00447DCD /* LaunchScreen.storyboard */; };
/* End PBXBuildFile section */

/* Begin PBXFileReference section */
		EB6C4D3D1FD7E06C00447DCD /* GoalKeeper.app */ = {isa = PBXFileReference; explicitFileType = wrapper.application; includeInIndex = 0; path = GoalKeeper.app; sourceTree = BUILT_PRODUCTS_DIR; };
		EB6C4D401FD7E06C00447DCD /* AppDelegate.swift */ = {isa = PBXFileReference; lastKnownFileType = sourcecode.swift; path = AppDelegate.swift; sourceTree = "<group>"; };
		EB6C4D421FD7E06C00447DCD /* ViewController.swift */ = {isa = PBXFileReference; lastKnownFileType = sourcecode.swift; path = ViewController.swift; sourceTree = "<group>"; };
		EB6C4D451FD7E06C00447DCD /* Base */ = {isa = PBXFileReference; lastKnownFileType = file.storyboard; name = Base; path = Base.lproj/Main.storyboard; sourceTree = "<group>"; };
		EB6C4D481FD7E06C00447DCD /* GoalKeeper.xcdatamodel */ = {isa = PBXFileReference; lastKnownFileType = wrapper.xcdatamodel; path = GoalKeeper.xcdatamodel; sourceTree = "<group>"; };
		EB6C4D4A1FD7E06C00447DCD /* Assets.xcassets */ = {isa = PBXFileReference; lastKnownFileType = folder.assetcatalog; path = Assets.xcassets; sourceTree = "<group>"; };
		EB6C4D4D1FD7E06C00447DCD /* Base */ = {isa = PBXFileReference; lastKnownFileType = file.storyboard; name = Base; path = Base.lproj/LaunchScreen.storyboard; sourceTree = "<group>"; };
		EB6C4D4F1FD7E06C00447DCD /* Info.plist */ = {isa = PBXFileReference; lastKnownFileType = text.plist.xml; path = Info.plist; sourceTree = "<group>"; };
/* End PBXFileReference section */

/* Begin PBXFrameworksBuildPhase section */
		EB6C4D3A1FD7E06C00447DCD /* Frameworks */ = {
			isa = PBXFrameworksBuildPhase;
			buildActionMask = 2147483647;
			files = (
			);
			runOnlyForDeploymentPostprocessing = 0;
		};
/* End PBXFrameworksBuildPhase section */

/* Begin PBXGroup section */
		EB6C4D341FD7E06C00447DCD = {
			isa = PBXGroup;
			children = (
				EB6C4D3F1FD7E06C00447DCD /* GoalKeeper */,
				EB6C4D3E1FD7E06C00447DCD /* Products */,
			);
			sourceTree = "<group>";
		};
		EB6C4D3E1FD7E06C00447DCD /* Products */ = {
			isa = PBXGroup;
			children = (
				EB6C4D3D1FD7E06C00447DCD /* GoalKeeper.app */,
			);
			name = Products;
			sourceTree = "<group>";
		};
		EB6C4D3F1FD7E06C00447DCD /* GoalKeeper */ = {
			isa = PBXGroup;
			children = (
				EB6C4D401FD7E06C00447DCD /* AppDelegate.swift */,
				EB6C4D421FD7E06C00447DCD /* ViewController.swift */,
				EB6C4D441FD7E06C00447DCD /* Main.storyboard */,
				EB6C4D4A1FD7E06C00447DCD /* Assets.xcassets */,
				EB6C4D4C1FD7E06C00447DCD /* LaunchScreen.storyboard */,
				EB6C4D4F1FD7E06C00447DCD /* Info.plist */,
				EB6C4D471FD7E06C00447DCD /* GoalKeeper.xcdatamodeld */,
			);
			path = GoalKeeper;
			sourceTree = "<group>";
		};
/* End PBXGroup section */

/* Begin PBXNativeTarget section */
		EB6C4D3C1FD7E06C00447DCD /* GoalKeeper */ = {
			isa = PBXNativeTarget;
			buildConfigurationList = EB6C4D521FD7E06C00447DCD /* Build configuration list for PBXNativeTarget "GoalKeeper" */;
			buildPhases = (
				EB6C4D391FD7E06C00447DCD /* Sources */,
				EB6C4D3A1FD7E06C00447DCD /* Frameworks */,
				EB6C4D3B1FD7E06C00447DCD /* Resources */,
			);
			buildRules = (
			);
			dependencies = (
			);
			name = GoalKeeper;
			productName = GoalKeeper;
			productReference = EB6C4D3D1FD7E06C00447DCD /* GoalKeeper.app */;
			productType = "com.apple.product-type.application";
		};
/* End PBXNativeTarget section */

/* Begin PBXProject section */
		EB6C4D351FD7E06C00447DCD /* Project object */ = {
			isa = PBXProject;
			attributes = {
				LastSwiftUpdateCheck = 0910;
				LastUpgradeCheck = 0910;
				ORGANIZATIONNAME = "Ben Shockley";
				TargetAttributes = {
					EB6C4D3C1FD7E06C00447DCD = {
						CreatedOnToolsVersion = 9.1;
						ProvisioningStyle = Automatic;
					};
				};
			};
			buildConfigurationList = EB6C4D381FD7E06C00447DCD /* Build configuration list for PBXProject "GoalKeeper" */;
			compatibilityVersion = "Xcode 8.0";
			developmentRegion = en;
			hasScannedForEncodings = 0;
			knownRegions = (
				en,
				Base,
			);
			mainGroup = EB6C4D341FD7E06C00447DCD;
			productRefGroup = EB6C4D3E1FD7E06C00447DCD /* Products */;
			projectDirPath = "";
			projectRoot = "";
			targets = (
				EB6C4D3C1FD7E06C00447DCD /* GoalKeeper */,
			);
		};
/* End PBXProject section */

/* Begin PBXResourcesBuildPhase section */
		EB6C4D3B1FD7E06C00447DCD /* Resources */ = {
			isa = PBXResourcesBuildPhase;
			buildActionMask = 2147483647;
			files = (
				EB6C4D4E1FD7E06C00447DCD /* LaunchScreen.storyboard in Resources */,
				EB6C4D4B1FD7E06C00447DCD /* Assets.xcassets in Resources */,
				EB6C4D461FD7E06C00447DCD /* Main.storyboard in Resources */,
			);
			runOnlyForDeploymentPostprocessing = 0;
		};
/* End PBXResourcesBuildPhase section */

/* Begin PBXSourcesBuildPhase section */
		EB6C4D391FD7E06C00447DCD /* Sources */ = {
			isa = PBXSourcesBuildPhase;
			buildActionMask = 2147483647;
			files = (
				EB6C4D431FD7E06C00447DCD /* ViewController.swift in Sources */,
				EB6C4D491FD7E06C00447DCD /* GoalKeeper.xcdatamodeld in Sources */,
				EB6C4D411FD7E06C00447DCD /* AppDelegate.swift in Sources */,
			);
			runOnlyForDeploymentPostprocessing = 0;
		};
/* End PBXSourcesBuildPhase section */

/* Begin PBXVariantGroup section */
		EB6C4D441FD7E06C00447DCD /* Main.storyboard */ = {
			isa = PBXVariantGroup;
			children = (
				EB6C4D451FD7E06C00447DCD /* Base */,
			);
			name = Main.storyboard;
			sourceTree = "<group>";
		};
		EB6C4D4C1FD7E06C00447DCD /* LaunchScreen.storyboard */ = {
			isa = PBXVariantGroup;
			children = (
				EB6C4D4D1FD7E06C00447DCD /* Base */,
			);
			name = LaunchScreen.storyboard;
			sourceTree = "<group>";
		};
/* End PBXVariantGroup section */

/* Begin XCBuildConfiguration section */
		EB6C4D501FD7E06C00447DCD /* Debug */ = {
			isa = XCBuildConfiguration;
			buildSettings = {
				ALWAYS_SEARCH_USER_PATHS = NO;
				CLANG_ANALYZER_NONNULL = YES;
				CLANG_ANALYZER_NUMBER_OBJECT_CONVERSION = YES_AGGRESSIVE;
				CLANG_CXX_LANGUAGE_STANDARD = "gnu++14";
				CLANG_CXX_LIBRARY = "libc++";
				CLANG_ENABLE_MODULES = YES;
				CLANG_ENABLE_OBJC_ARC = YES;
				CLANG_WARN_BLOCK_CAPTURE_AUTORELEASING = YES;
				CLANG_WARN_BOOL_CONVERSION = YES;
				CLANG_WARN_COMMA = YES;
				CLANG_WARN_CONSTANT_CONVERSION = YES;
				CLANG_WARN_DIRECT_OBJC_ISA_USAGE = YES_ERROR;
				CLANG_WARN_DOCUMENTATION_COMMENTS = YES;
				CLANG_WARN_EMPTY_BODY = YES;
				CLANG_WARN_ENUM_CONVERSION = YES;
				CLANG_WARN_INFINITE_RECURSION = YES;
				CLANG_WARN_INT_CONVERSION = YES;
				CLANG_WARN_NON_LITERAL_NULL_CONVERSION = YES;
				CLANG_WARN_OBJC_LITERAL_CONVERSION = YES;
				CLANG_WARN_OBJC_ROOT_CLASS = YES_ERROR;
				CLANG_WARN_RANGE_LOOP_ANALYSIS = YES;
				CLANG_WARN_STRICT_PROTOTYPES = YES;
				CLANG_WARN_SUSPICIOUS_MOVE = YES;
				CLANG_WARN_UNGUARDED_AVAILABILITY = YES_AGGRESSIVE;
				CLANG_WARN_UNREACHABLE_CODE = YES;
				CLANG_WARN__DUPLICATE_METHOD_MATCH = YES;
				CODE_SIGN_IDENTITY = "iPhone Developer";
				COPY_PHASE_STRIP = NO;
				DEBUG_INFORMATION_FORMAT = dwarf;
				ENABLE_STRICT_OBJC_MSGSEND = YES;
				ENABLE_TESTABILITY = YES;
				GCC_C_LANGUAGE_STANDARD = gnu11;
				GCC_DYNAMIC_NO_PIC = NO;
				GCC_NO_COMMON_BLOCKS = YES;
				GCC_OPTIMIZATION_LEVEL = 0;
				GCC_PREPROCESSOR_DEFINITIONS = (
					"DEBUG=1",
					"$(inherited)",
				);
				GCC_WARN_64_TO_32_BIT_CONVERSION = YES;
				GCC_WARN_ABOUT_RETURN_TYPE = YES_ERROR;
				GCC_WARN_UNDECLARED_SELECTOR = YES;
				GCC_WARN_UNINITIALIZED_AUTOS = YES_AGGRESSIVE;
				GCC_WARN_UNUSED_FUNCTION = YES;
				GCC_WARN_UNUSED_VARIABLE = YES;
				IPHONEOS_DEPLOYMENT_TARGET = 11.1;
				MTL_ENABLE_DEBUG_INFO = YES;
				ONLY_ACTIVE_ARCH = YES;
				SDKROOT = iphoneos;
				SWIFT_ACTIVE_COMPILATION_CONDITIONS = DEBUG;
				SWIFT_OPTIMIZATION_LEVEL = "-Onone";
			};
			name = Debug;
		};
		EB6C4D511FD7E06C00447DCD /* Release */ = {
			isa = XCBuildConfiguration;
			buildSettings = {
				ALWAYS_SEARCH_USER_PATHS = NO;
				CLANG_ANALYZER_NONNULL = YES;
				CLANG_ANALYZER_NUMBER_OBJECT_CONVERSION = YES_AGGRESSIVE;
				CLANG_CXX_LANGUAGE_STANDARD = "gnu++14";
				CLANG_CXX_LIBRARY = "libc++";
				CLANG_ENABLE_MODULES = YES;
				CLANG_ENABLE_OBJC_ARC = YES;
				CLANG_WARN_BLOCK_CAPTURE_AUTORELEASING = YES;
				CLANG_WARN_BOOL_CONVERSION = YES;
				CLANG_WARN_COMMA = YES;
				CLANG_WARN_CONSTANT_CONVERSION = YES;
				CLANG_WARN_DIRECT_OBJC_ISA_USAGE = YES_ERROR;
				CLANG_WARN_DOCUMENTATION_COMMENTS = YES;
				CLANG_WARN_EMPTY_BODY = YES;
				CLANG_WARN_ENUM_CONVERSION = YES;
				CLANG_WARN_INFINITE_RECURSION = YES;
				CLANG_WARN_INT_CONVERSION = YES;
				CLANG_WARN_NON_LITERAL_NULL_CONVERSION = YES;
				CLANG_WARN_OBJC_LITERAL_CONVERSION = YES;
				CLANG_WARN_OBJC_ROOT_CLASS = YES_ERROR;
				CLANG_WARN_RANGE_LOOP_ANALYSIS = YES;
				CLANG_WARN_STRICT_PROTOTYPES = YES;
				CLANG_WARN_SUSPICIOUS_MOVE = YES;
				CLANG_WARN_UNGUARDED_AVAILABILITY = YES_AGGRESSIVE;
				CLANG_WARN_UNREACHABLE_CODE = YES;
				CLANG_WARN__DUPLICATE_METHOD_MATCH = YES;
				CODE_SIGN_IDENTITY = "iPhone Developer";
				COPY_PHASE_STRIP = NO;
				DEBUG_INFORMATION_FORMAT = "dwarf-with-dsym";
				ENABLE_NS_ASSERTIONS = NO;
				ENABLE_STRICT_OBJC_MSGSEND = YES;
				GCC_C_LANGUAGE_STANDARD = gnu11;
				GCC_NO_COMMON_BLOCKS = YES;
				GCC_WARN_64_TO_32_BIT_CONVERSION = YES;
				GCC_WARN_ABOUT_RETURN_TYPE = YES_ERROR;
				GCC_WARN_UNDECLARED_SELECTOR = YES;
				GCC_WARN_UNINITIALIZED_AUTOS = YES_AGGRESSIVE;
				GCC_WARN_UNUSED_FUNCTION = YES;
				GCC_WARN_UNUSED_VARIABLE = YES;
				IPHONEOS_DEPLOYMENT_TARGET = 11.1;
				MTL_ENABLE_DEBUG_INFO = NO;
				SDKROOT = iphoneos;
				SWIFT_OPTIMIZATION_LEVEL = "-Owholemodule";
				VALIDATE_PRODUCT = YES;
			};
			name = Release;
		};
		EB6C4D531FD7E06C00447DCD /* Debug */ = {
			isa = XCBuildConfiguration;
			buildSettings = {
				ASSETCATALOG_COMPILER_APPICON_NAME = AppIcon;
				CODE_SIGN_STYLE = Automatic;
				DEVELOPMENT_TEAM = M2E574EG2U;
				INFOPLIST_FILE = GoalKeeper/Info.plist;
				LD_RUNPATH_SEARCH_PATHS = "$(inherited) @executable_path/Frameworks";
				PRODUCT_BUNDLE_IDENTIFIER = com.shockedstudios.GoalKeeper;
				PRODUCT_NAME = "$(TARGET_NAME)";
				SWIFT_VERSION = 4.0;
				TARGETED_DEVICE_FAMILY = "1,2";
			};
			name = Debug;
		};
		EB6C4D541FD7E06C00447DCD /* Release */ = {
			isa = XCBuildConfiguration;
			buildSettings = {
				ASSETCATALOG_COMPILER_APPICON_NAME = AppIcon;
				CODE_SIGN_STYLE = Automatic;
				DEVELOPMENT_TEAM = M2E574EG2U;
				INFOPLIST_FILE = GoalKeeper/Info.plist;
				LD_RUNPATH_SEARCH_PATHS = "$(inherited) @executable_path/Frameworks";
				PRODUCT_BUNDLE_IDENTIFIER = com.shockedstudios.GoalKeeper;
				PRODUCT_NAME = "$(TARGET_NAME)";
				SWIFT_VERSION = 4.0;
				TARGETED_DEVICE_FAMILY = "1,2";
			};
			name = Release;
		};
/* End XCBuildConfiguration section */

/* Begin XCConfigurationList section */
		EB6C4D381FD7E06C00447DCD /* Build configuration list for PBXProject "GoalKeeper" */ = {
			isa = XCConfigurationList;
			buildConfigurations = (
				EB6C4D501FD7E06C00447DCD /* Debug */,
				EB6C4D511FD7E06C00447DCD /* Release */,
			);
			defaultConfigurationIsVisible = 0;
			defaultConfigurationName = Release;
		};
		EB6C4D521FD7E06C00447DCD /* Build configuration list for PBXNativeTarget "GoalKeeper" */ = {
			isa = XCConfigurationList;
			buildConfigurations = (
				EB6C4D531FD7E06C00447DCD /* Debug */,
				EB6C4D541FD7E06C00447DCD /* Release */,
			);
			defaultConfigurationIsVisible = 0;
			defaultConfigurationName = Release;
		};
/* End XCConfigurationList section */

/* Begin XCVersionGroup section */
		EB6C4D471FD7E06C00447DCD /* GoalKeeper.xcdatamodeld */ = {
			isa = XCVersionGroup;
			children = (
				EB6C4D481FD7E06C00447DCD /* GoalKeeper.xcdatamodel */,
			);
			currentVersion = EB6C4D481FD7E06C00447DCD /* GoalKeeper.xcdatamodel */;
			path = GoalKeeper.xcdatamodeld;
			sourceTree = "<group>";
			versionGroupType = wrapper.xcdatamodel;
		};
/* End XCVersionGroup section */
	};
	rootObject = EB6C4D351FD7E06C00447DCD /* Project object */;
}
